
Microsoft Visual Studio Solution File, Format Version 12.00
# Visual Studio Version 16
VisualStudioVersion = 16.0.28407.52
MinimumVisualStudioVersion = 10.0.40219.1
Project("{FAE04EC0-301F-11D3-BF4B-00C04F79EFBC}") = "FreeWF", "FreeWF.csproj", "{6B3FCE26-0B97-472F-B9B9-18552ECEFC1C}"
EndProject
Global
	GlobalSection(SolutionConfigurationPlatforms) = preSolution
		Debug|Any CPU = Debug|Any CPU
		Release|Any CPU = Release|Any CPU
	EndGlobalSection
	GlobalSection(ProjectConfigurationPlatforms) = postSolution
		{6B3FCE26-0B97-472F-B9B9-18552ECEFC1C}.Debug|Any CPU.ActiveCfg = Debug|Any CPU
		{6B3FCE26-0B97-472F-B9B9-18552ECEFC1C}.Debug|Any CPU.Build.0 = Debug|Any CPU
		{6B3FCE26-0B97-472F-B9B9-18552ECEFC1C}.Release|Any CPU.ActiveCfg = Release|Any CPU
		{6B3FCE26-0B97-472F-B9B9-18552ECEFC1C}.Release|Any CPU.Build.0 = Release|Any CPU
	EndGlobalSection
	GlobalSection(SolutionProperties) = preSolution
		HideSolutionNode = FALSE
	EndGlobalSection
	GlobalSection(ExtensibilityGlobals) = postSolution
		SolutionGuid = {589D1512-1CAE-4E25-9F8D-FFE4D6BC95A4}
	EndGlobalSection
EndGlobal
